
Microsoft Visual Studio Solution File, Format Version 12.00
# Visual Studio Version 17
VisualStudioVersion = 17.0.31612.314
MinimumVisualStudioVersion = 10.0.40219.1
Project("{FAE04EC0-301F-11D3-BF4B-00C04F79EFBC}") = "trivia-mvc", "trivia-mvc\trivia-mvc.csproj", "{CEF756B3-1089-4320-ADA7-245A26695D29}"
EndProject
Global
	GlobalSection(SolutionConfigurationPlatforms) = preSolution
		Debug|Any CPU = Debug|Any CPU
		Release|Any CPU = Release|Any CPU
	EndGlobalSection
	GlobalSection(ProjectConfigurationPlatforms) = postSolution
		{CEF756B3-1089-4320-ADA7-245A26695D29}.Debug|Any CPU.ActiveCfg = Debug|Any CPU
		{CEF756B3-1089-4320-ADA7-245A26695D29}.Debug|Any CPU.Build.0 = Debug|Any CPU
		{CEF756B3-1089-4320-ADA7-245A26695D29}.Release|Any CPU.ActiveCfg = Release|Any CPU
		{CEF756B3-1089-4320-ADA7-245A26695D29}.Release|Any CPU.Build.0 = Release|Any CPU
	EndGlobalSection
	GlobalSection(SolutionProperties) = preSolution
		HideSolutionNode = FALSE
	EndGlobalSection
	GlobalSection(ExtensibilityGlobals) = postSolution
		SolutionGuid = {72F90F38-40AC-4676-971E-A43B4AA88B2F}
	EndGlobalSection
EndGlobal
